Microsoft Visual Studio Solution File, Format Version 12.00
# Visual Studio 2012
Project("{FAE04EC0-301F-11D3-BF4B-00C04F79EFBC}") = "Pitch Master", "Pitch Master.csproj", "{747C12EC-57DC-4C06-BCBC-8969FC25DC31}"
EndProject
Global
	GlobalSection(SolutionConfigurationPlatforms) = preSolution
	Debug|Any CPU = Debug|Any CPU
	ExportDebug|Any CPU = ExportDebug|Any CPU
	ExportRelease|Any CPU = ExportRelease|Any CPU
	EndGlobalSection
	GlobalSection(ProjectConfigurationPlatforms) = postSolution
		{747C12EC-57DC-4C06-BCBC-8969FC25DC31}.Debug|Any CPU.ActiveCfg = Debug|Any CPU
		{747C12EC-57DC-4C06-BCBC-8969FC25DC31}.Debug|Any CPU.Build.0 = Debug|Any CPU
		{747C12EC-57DC-4C06-BCBC-8969FC25DC31}.ExportDebug|Any CPU.ActiveCfg = ExportDebug|Any CPU
		{747C12EC-57DC-4C06-BCBC-8969FC25DC31}.ExportDebug|Any CPU.Build.0 = ExportDebug|Any CPU
		{747C12EC-57DC-4C06-BCBC-8969FC25DC31}.ExportRelease|Any CPU.ActiveCfg = ExportRelease|Any CPU
		{747C12EC-57DC-4C06-BCBC-8969FC25DC31}.ExportRelease|Any CPU.Build.0 = ExportRelease|Any CPU
	EndGlobalSection
EndGlobal
